
Microsoft Visual Studio Solution File, Format Version 12.00
# Visual Studio 2017
Project("{FAE04EC0-301F-11D3-BF4B-00C04F79EFBC}") = "Project-Frei.Plugins", "Project-Frei.Plugins.csproj", "{F1FDD55A-5E9E-AEB0-6CD3-C6A6438AAA62}"
EndProject
Project("{FAE04EC0-301F-11D3-BF4B-00C04F79EFBC}") = "Project-Frei", "Project-Frei.csproj", "{7732A073-AB62-9382-3F7D-E7ADE919957B}"
EndProject
Project("{FAE04EC0-301F-11D3-BF4B-00C04F79EFBC}") = "Project-Frei.Editor.Plugins", "Project-Frei.Editor.Plugins.csproj", "{70A78EFC-D64D-4C60-4D5B-2EA58D458CC2}"
EndProject
Global
	GlobalSection(SolutionConfigurationPlatforms) = preSolution
		Debug|Any CPU = Debug|Any CPU
		Release|Any CPU = Release|Any CPU
	EndGlobalSection
	GlobalSection(ProjectConfigurationPlatforms) = postSolution
		{F1FDD55A-5E9E-AEB0-6CD3-C6A6438AAA62}.Debug|Any CPU.ActiveCfg = Debug|Any CPU
		{F1FDD55A-5E9E-AEB0-6CD3-C6A6438AAA62}.Debug|Any CPU.Build.0 = Debug|Any CPU
		{F1FDD55A-5E9E-AEB0-6CD3-C6A6438AAA62}.Release|Any CPU.ActiveCfg = Release|Any CPU
		{F1FDD55A-5E9E-AEB0-6CD3-C6A6438AAA62}.Release|Any CPU.Build.0 = Release|Any CPU
		{7732A073-AB62-9382-3F7D-E7ADE919957B}.Debug|Any CPU.ActiveCfg = Debug|Any CPU
		{7732A073-AB62-9382-3F7D-E7ADE919957B}.Debug|Any CPU.Build.0 = Debug|Any CPU
		{7732A073-AB62-9382-3F7D-E7ADE919957B}.Release|Any CPU.ActiveCfg = Release|Any CPU
		{7732A073-AB62-9382-3F7D-E7ADE919957B}.Release|Any CPU.Build.0 = Release|Any CPU
		{70A78EFC-D64D-4C60-4D5B-2EA58D458CC2}.Debug|Any CPU.ActiveCfg = Debug|Any CPU
		{70A78EFC-D64D-4C60-4D5B-2EA58D458CC2}.Debug|Any CPU.Build.0 = Debug|Any CPU
		{70A78EFC-D64D-4C60-4D5B-2EA58D458CC2}.Release|Any CPU.ActiveCfg = Release|Any CPU
		{70A78EFC-D64D-4C60-4D5B-2EA58D458CC2}.Release|Any CPU.Build.0 = Release|Any CPU
	EndGlobalSection
	GlobalSection(SolutionProperties) = preSolution
		HideSolutionNode = FALSE
	EndGlobalSection
EndGlobal
